hash: 2da1ae714f24d3509c8ed0e525132c12421191c2248b5dc6eadbdb183a7b4dca
updated: 2016-11-29T08:08:48.403473618+01:00
imports:
- name: github.com/alecthomas/template
  version: a0175ee3bccc567396460bf5acd36800cb10c49c
  subpackages:
  - parse
- name: github.com/alecthomas/units
  version: 2efee857e7cfd4f3d0138cc3cbb1b4966962b93a
- name: github.com/codahale/hdrhistogram
  version: 3a0bb77429bd3a61596f5e8a3172445844342120
- name: github.com/mailgun/timetools
  version: fd192d755b00c968d312d23f521eb0cdc6f66bd0
- name: github.com/Sirupsen/logrus
  version: e400ff7861bce9661cf37c162ce3b7b303baf333
- name: github.com/uber-go/atomic
  version: 9e99152552a6ce13fa3b2ce4a9c4fb117cca4506
- name: github.com/uber-go/zap
  version: 11e8d8f6b3c9c574462f8278f3f2b7eb56b12e27
- name: github.com/vulcand/oxy
  version: 9d07313adea3bb9c7817ea887df6ac79648675f9
  subpackages:
  - forward
  - roundrobin
  - utils
  - memmetrics
- name: golang.org/x/sys
  version: 30237cf4eefd639b184d1f2cb77a581ea0be8947
  subpackages:
  - unix
- name: gopkg.in/alecthomas/kingpin.v2
  version: e9044be3ab2a8e11d4e1f418d12f0790d57e8d70
- name: gopkg.in/mgo.v2
  version: 3f83fa5005286a7fe593b055f0d7771a7dce4655
  subpackages:
  - bson
  - internal/json
devImports: []
